
Microsoft Visual Studio Solution File, Format Version 12.00
# Visual Studio Version 16
VisualStudioVersion = 16.0.31729.503
MinimumVisualStudioVersion = 10.0.40219.1
Project("{FAE04EC0-301F-11D3-BF4B-00C04F79EFBC}") = "Edytor_Graficzny", "Edytor_Graficzny\Edytor_Graficzny.csproj", "{9AEDDCB4-0D7E-4E1A-B74D-7037E08EB0C2}"
EndProject
Global
	GlobalSection(SolutionConfigurationPlatforms) = preSolution
		Debug|Any CPU = Debug|Any CPU
		Release|Any CPU = Release|Any CPU
	EndGlobalSection
	GlobalSection(ProjectConfigurationPlatforms) = postSolution
		{9AEDDCB4-0D7E-4E1A-B74D-7037E08EB0C2}.Debug|Any CPU.ActiveCfg = Debug|Any CPU
		{9AEDDCB4-0D7E-4E1A-B74D-7037E08EB0C2}.Debug|Any CPU.Build.0 = Debug|Any CPU
		{9AEDDCB4-0D7E-4E1A-B74D-7037E08EB0C2}.Release|Any CPU.ActiveCfg = Release|Any CPU
		{9AEDDCB4-0D7E-4E1A-B74D-7037E08EB0C2}.Release|Any CPU.Build.0 = Release|Any CPU
	EndGlobalSection
	GlobalSection(SolutionProperties) = preSolution
		HideSolutionNode = FALSE
	EndGlobalSection
	GlobalSection(ExtensibilityGlobals) = postSolution
		SolutionGuid = {BE05352E-33AF-4E7E-9241-41DBEBE18DFB}
	EndGlobalSection
EndGlobal
